
Microsoft Visual Studio Solution File, Format Version 12.00
# Visual Studio Version 17
VisualStudioVersion = 17.9.34701.34
MinimumVisualStudioVersion = 10.0.40219.1
Project("{9A19103F-16F7-4668-BE54-9A1E7A4F7556}") = "WebStore.Shop", "WebStore.Shop\WebStore.Shop.csproj", "{3BA56EC7-9E02-4D80-81C4-93779673A4AF}"
EndProject
Project("{9A19103F-16F7-4668-BE54-9A1E7A4F7556}") = "WebStore.Shop.Business", "WebStore.Shop.Business\WebStore.Shop.Business.csproj", "{D9E87836-D3B9-4918-9EB6-8C2EF1EEE50A}"
EndProject
Project("{9A19103F-16F7-4668-BE54-9A1E7A4F7556}") = "WebStore.Shop.Data", "WebStore.Shop.Data\WebStore.Shop.Data.csproj", "{1A34573C-CA53-4D01-AC62-07F753DB5F50}"
EndProject
Project("{FAE04EC0-301F-11D3-BF4B-00C04F79EFBC}") = "WebStore.Shop.Domain", "WebStore.Shop.Domain\WebStore.Shop.Domain.csproj", "{2163C2F6-6517-45C0-9A16-FAC0CA102657}"
EndProject
Global
	GlobalSection(SolutionConfigurationPlatforms) = preSolution
		Debug|Any CPU = Debug|Any CPU
		Release|Any CPU = Release|Any CPU
	EndGlobalSection
	GlobalSection(ProjectConfigurationPlatforms) = postSolution
		{3BA56EC7-9E02-4D80-81C4-93779673A4AF}.Debug|Any CPU.ActiveCfg = Debug|Any CPU
		{3BA56EC7-9E02-4D80-81C4-93779673A4AF}.Debug|Any CPU.Build.0 = Debug|Any CPU
		{3BA56EC7-9E02-4D80-81C4-93779673A4AF}.Release|Any CPU.ActiveCfg = Release|Any CPU
		{3BA56EC7-9E02-4D80-81C4-93779673A4AF}.Release|Any CPU.Build.0 = Release|Any CPU
		{D9E87836-D3B9-4918-9EB6-8C2EF1EEE50A}.Debug|Any CPU.ActiveCfg = Debug|Any CPU
		{D9E87836-D3B9-4918-9EB6-8C2EF1EEE50A}.Debug|Any CPU.Build.0 = Debug|Any CPU
		{D9E87836-D3B9-4918-9EB6-8C2EF1EEE50A}.Release|Any CPU.ActiveCfg = Release|Any CPU
		{D9E87836-D3B9-4918-9EB6-8C2EF1EEE50A}.Release|Any CPU.Build.0 = Release|Any CPU
		{1A34573C-CA53-4D01-AC62-07F753DB5F50}.Debug|Any CPU.ActiveCfg = Debug|Any CPU
		{1A34573C-CA53-4D01-AC62-07F753DB5F50}.Debug|Any CPU.Build.0 = Debug|Any CPU
		{1A34573C-CA53-4D01-AC62-07F753DB5F50}.Release|Any CPU.ActiveCfg = Release|Any CPU
		{1A34573C-CA53-4D01-AC62-07F753DB5F50}.Release|Any CPU.Build.0 = Release|Any CPU
		{2163C2F6-6517-45C0-9A16-FAC0CA102657}.Debug|Any CPU.ActiveCfg = Debug|Any CPU
		{2163C2F6-6517-45C0-9A16-FAC0CA102657}.Debug|Any CPU.Build.0 = Debug|Any CPU
		{2163C2F6-6517-45C0-9A16-FAC0CA102657}.Release|Any CPU.ActiveCfg = Release|Any CPU
		{2163C2F6-6517-45C0-9A16-FAC0CA102657}.Release|Any CPU.Build.0 = Release|Any CPU
	EndGlobalSection
	GlobalSection(SolutionProperties) = preSolution
		HideSolutionNode = FALSE
	EndGlobalSection
	GlobalSection(ExtensibilityGlobals) = postSolution
		SolutionGuid = {1C58F696-B584-41B2-9116-A2D13C2E1999}
	EndGlobalSection
EndGlobal
